
Microsoft Visual Studio Solution File, Format Version 12.00
# Visual Studio Version 16
VisualStudioVersion = 16.0.30413.136
MinimumVisualStudioVersion = 10.0.40219.1
Project("{FAE04EC0-301F-11D3-BF4B-00C04F79EFBC}") = "Tails-Of-Joy", "Tails-Of-Joy\Tails-Of-Joy.csproj", "{44502332-62C9-4BE9-B6C5-3FBCEE74FF7C}"
EndProject
Global
	GlobalSection(SolutionConfigurationPlatforms) = preSolution
		Debug|Any CPU = Debug|Any CPU
		Release|Any CPU = Release|Any CPU
	EndGlobalSection
	GlobalSection(ProjectConfigurationPlatforms) = postSolution
		{44502332-62C9-4BE9-B6C5-3FBCEE74FF7C}.Debug|Any CPU.ActiveCfg = Debug|Any CPU
		{44502332-62C9-4BE9-B6C5-3FBCEE74FF7C}.Debug|Any CPU.Build.0 = Debug|Any CPU
		{44502332-62C9-4BE9-B6C5-3FBCEE74FF7C}.Release|Any CPU.ActiveCfg = Release|Any CPU
		{44502332-62C9-4BE9-B6C5-3FBCEE74FF7C}.Release|Any CPU.Build.0 = Release|Any CPU
	EndGlobalSection
	GlobalSection(SolutionProperties) = preSolution
		HideSolutionNode = FALSE
	EndGlobalSection
	GlobalSection(ExtensibilityGlobals) = postSolution
		SolutionGuid = {C3E0F469-F806-414F-9834-437060E6A70D}
	EndGlobalSection
EndGlobal
